
Microsoft Visual Studio Solution File, Format Version 12.00
# Visual Studio Version 16
VisualStudioVersion = 16.0.30503.244
MinimumVisualStudioVersion = 10.0.40219.1
Project("{FAE04EC0-301F-11D3-BF4B-00C04F79EFBC}") = "OrderBST", "OrderBST\OrderBST.csproj", "{CAA80138-9CC1-4E13-8CCF-F5567F2FF584}"
EndProject
Global
	GlobalSection(SolutionConfigurationPlatforms) = preSolution
		Debug|Any CPU = Debug|Any CPU
		Release|Any CPU = Release|Any CPU
	EndGlobalSection
	GlobalSection(ProjectConfigurationPlatforms) = postSolution
		{CAA80138-9CC1-4E13-8CCF-F5567F2FF584}.Debug|Any CPU.ActiveCfg = Debug|Any CPU
		{CAA80138-9CC1-4E13-8CCF-F5567F2FF584}.Debug|Any CPU.Build.0 = Debug|Any CPU
		{CAA80138-9CC1-4E13-8CCF-F5567F2FF584}.Release|Any CPU.ActiveCfg = Release|Any CPU
		{CAA80138-9CC1-4E13-8CCF-F5567F2FF584}.Release|Any CPU.Build.0 = Release|Any CPU
	EndGlobalSection
	GlobalSection(SolutionProperties) = preSolution
		HideSolutionNode = FALSE
	EndGlobalSection
	GlobalSection(ExtensibilityGlobals) = postSolution
		SolutionGuid = {2A68728C-EAAA-45CD-89BC-C9044027DE58}
	EndGlobalSection
EndGlobal
