
Microsoft Visual Studio Solution File, Format Version 12.00
# Visual Studio Version 16
VisualStudioVersion = 16.0.30503.244
MinimumVisualStudioVersion = 10.0.40219.1
Project("{FAE04EC0-301F-11D3-BF4B-00C04F79EFBC}") = "CountTriplets", "CountTriplets\CountTriplets.csproj", "{05BC4608-C4EF-486E-B0D0-00C3DE98EB9C}"
EndProject
Global
	GlobalSection(SolutionConfigurationPlatforms) = preSolution
		Debug|Any CPU = Debug|Any CPU
		Release|Any CPU = Release|Any CPU
	EndGlobalSection
	GlobalSection(ProjectConfigurationPlatforms) = postSolution
		{05BC4608-C4EF-486E-B0D0-00C3DE98EB9C}.Debug|Any CPU.ActiveCfg = Debug|Any CPU
		{05BC4608-C4EF-486E-B0D0-00C3DE98EB9C}.Debug|Any CPU.Build.0 = Debug|Any CPU
		{05BC4608-C4EF-486E-B0D0-00C3DE98EB9C}.Release|Any CPU.ActiveCfg = Release|Any CPU
		{05BC4608-C4EF-486E-B0D0-00C3DE98EB9C}.Release|Any CPU.Build.0 = Release|Any CPU
	EndGlobalSection
	GlobalSection(SolutionProperties) = preSolution
		HideSolutionNode = FALSE
	EndGlobalSection
	GlobalSection(ExtensibilityGlobals) = postSolution
		SolutionGuid = {2586D234-6ECA-45A3-BBAF-17A62042F11F}
	EndGlobalSection
EndGlobal
