
Microsoft Visual Studio Solution File, Format Version 12.00
# Visual Studio Version 16
VisualStudioVersion = 16.0.30503.244
MinimumVisualStudioVersion = 10.0.40219.1
Project("{FAE04EC0-301F-11D3-BF4B-00C04F79EFBC}") = "ContainsDuplicate", "ContainsDuplicate\ContainsDuplicate.csproj", "{B88CF3F7-108B-43E4-8759-C47177DBECDA}"
EndProject
Global
	GlobalSection(SolutionConfigurationPlatforms) = preSolution
		Debug|Any CPU = Debug|Any CPU
		Release|Any CPU = Release|Any CPU
	EndGlobalSection
	GlobalSection(ProjectConfigurationPlatforms) = postSolution
		{B88CF3F7-108B-43E4-8759-C47177DBECDA}.Debug|Any CPU.ActiveCfg = Debug|Any CPU
		{B88CF3F7-108B-43E4-8759-C47177DBECDA}.Debug|Any CPU.Build.0 = Debug|Any CPU
		{B88CF3F7-108B-43E4-8759-C47177DBECDA}.Release|Any CPU.ActiveCfg = Release|Any CPU
		{B88CF3F7-108B-43E4-8759-C47177DBECDA}.Release|Any CPU.Build.0 = Release|Any CPU
	EndGlobalSection
	GlobalSection(SolutionProperties) = preSolution
		HideSolutionNode = FALSE
	EndGlobalSection
	GlobalSection(ExtensibilityGlobals) = postSolution
		SolutionGuid = {77388F74-8664-414A-AC0F-638697DA009D}
	EndGlobalSection
EndGlobal
