
Microsoft Visual Studio Solution File, Format Version 12.00
# Visual Studio Version 16
VisualStudioVersion = 16.0.30114.105
MinimumVisualStudioVersion = 10.0.40219.1
Project("{FAE04EC0-301F-11D3-BF4B-00C04F79EFBC}") = "StacksAndQueues", "StacksAndQueues\StacksAndQueues.csproj", "{AA825631-4BFF-405C-89AB-D9FA55D0755A}"
EndProject
Project("{FAE04EC0-301F-11D3-BF4B-00C04F79EFBC}") = "UnitTest-StacksAndQueues", "UnitTest-StacksAndQueues\UnitTest-StacksAndQueues.csproj", "{A1875C4D-DE42-40A8-9E93-7B1C31995BA4}"
EndProject
Global
	GlobalSection(SolutionConfigurationPlatforms) = preSolution
		Debug|Any CPU = Debug|Any CPU
		Release|Any CPU = Release|Any CPU
	EndGlobalSection
	GlobalSection(ProjectConfigurationPlatforms) = postSolution
		{AA825631-4BFF-405C-89AB-D9FA55D0755A}.Debug|Any CPU.ActiveCfg = Debug|Any CPU
		{AA825631-4BFF-405C-89AB-D9FA55D0755A}.Debug|Any CPU.Build.0 = Debug|Any CPU
		{AA825631-4BFF-405C-89AB-D9FA55D0755A}.Release|Any CPU.ActiveCfg = Release|Any CPU
		{AA825631-4BFF-405C-89AB-D9FA55D0755A}.Release|Any CPU.Build.0 = Release|Any CPU
		{A1875C4D-DE42-40A8-9E93-7B1C31995BA4}.Debug|Any CPU.ActiveCfg = Debug|Any CPU
		{A1875C4D-DE42-40A8-9E93-7B1C31995BA4}.Debug|Any CPU.Build.0 = Debug|Any CPU
		{A1875C4D-DE42-40A8-9E93-7B1C31995BA4}.Release|Any CPU.ActiveCfg = Release|Any CPU
		{A1875C4D-DE42-40A8-9E93-7B1C31995BA4}.Release|Any CPU.Build.0 = Release|Any CPU
	EndGlobalSection
	GlobalSection(SolutionProperties) = preSolution
		HideSolutionNode = FALSE
	EndGlobalSection
	GlobalSection(ExtensibilityGlobals) = postSolution
		SolutionGuid = {511B4255-911E-4B39-8D4F-FC00078A32C4}
	EndGlobalSection
EndGlobal
