
Microsoft Visual Studio Solution File, Format Version 12.00
# Visual Studio Version 16
VisualStudioVersion = 16.0.30503.244
MinimumVisualStudioVersion = 10.0.40219.1
Project("{FAE04EC0-301F-11D3-BF4B-00C04F79EFBC}") = "LLPractice", "LLPractice\LLPractice.csproj", "{5951C0A8-D7A5-45E4-BD97-49E303C84BDE}"
EndProject
Global
	GlobalSection(SolutionConfigurationPlatforms) = preSolution
		Debug|Any CPU = Debug|Any CPU
		Release|Any CPU = Release|Any CPU
	EndGlobalSection
	GlobalSection(ProjectConfigurationPlatforms) = postSolution
		{5951C0A8-D7A5-45E4-BD97-49E303C84BDE}.Debug|Any CPU.ActiveCfg = Debug|Any CPU
		{5951C0A8-D7A5-45E4-BD97-49E303C84BDE}.Debug|Any CPU.Build.0 = Debug|Any CPU
		{5951C0A8-D7A5-45E4-BD97-49E303C84BDE}.Release|Any CPU.ActiveCfg = Release|Any CPU
		{5951C0A8-D7A5-45E4-BD97-49E303C84BDE}.Release|Any CPU.Build.0 = Release|Any CPU
	EndGlobalSection
	GlobalSection(SolutionProperties) = preSolution
		HideSolutionNode = FALSE
	EndGlobalSection
	GlobalSection(ExtensibilityGlobals) = postSolution
		SolutionGuid = {4B86B591-1719-4976-878C-457BDA6F2A85}
	EndGlobalSection
EndGlobal
