
Microsoft Visual Studio Solution File, Format Version 12.00
# Visual Studio Version 16
VisualStudioVersion = 16.0.31129.286
MinimumVisualStudioVersion = 10.0.40219.1
Project("{FAE04EC0-301F-11D3-BF4B-00C04F79EFBC}") = "Arrays", "Arrays\Arrays.csproj", "{F83D3613-B7BF-4C5E-88C3-F6D4FC6504B3}"
EndProject
Global
	GlobalSection(SolutionConfigurationPlatforms) = preSolution
		Debug|Any CPU = Debug|Any CPU
		Release|Any CPU = Release|Any CPU
	EndGlobalSection
	GlobalSection(ProjectConfigurationPlatforms) = postSolution
		{F83D3613-B7BF-4C5E-88C3-F6D4FC6504B3}.Debug|Any CPU.ActiveCfg = Debug|Any CPU
		{F83D3613-B7BF-4C5E-88C3-F6D4FC6504B3}.Debug|Any CPU.Build.0 = Debug|Any CPU
		{F83D3613-B7BF-4C5E-88C3-F6D4FC6504B3}.Release|Any CPU.ActiveCfg = Release|Any CPU
		{F83D3613-B7BF-4C5E-88C3-F6D4FC6504B3}.Release|Any CPU.Build.0 = Release|Any CPU
	EndGlobalSection
	GlobalSection(SolutionProperties) = preSolution
		HideSolutionNode = FALSE
	EndGlobalSection
	GlobalSection(ExtensibilityGlobals) = postSolution
		SolutionGuid = {78420676-FACE-4073-9EC6-9A6022740634}
	EndGlobalSection
EndGlobal
