
Microsoft Visual Studio Solution File, Format Version 12.00
# Visual Studio Version 16
VisualStudioVersion = 16.0.30114.105
MinimumVisualStudioVersion = 10.0.40219.1
Project("{FAE04EC0-301F-11D3-BF4B-00C04F79EFBC}") = "Queue-With-Stacks", "Queue-With-Stacks\Queue-With-Stacks.csproj", "{9F0DDCD7-861C-4691-9F9B-76428B353ECC}"
EndProject
Project("{FAE04EC0-301F-11D3-BF4B-00C04F79EFBC}") = "XUnitTest-Queue-With-Stacks", "XUnitTest-Queue-With-Stacks\XUnitTest-Queue-With-Stacks.csproj", "{16C0F569-3259-424C-94AD-9F94117B0C01}"
EndProject
Global
	GlobalSection(SolutionConfigurationPlatforms) = preSolution
		Debug|Any CPU = Debug|Any CPU
		Release|Any CPU = Release|Any CPU
	EndGlobalSection
	GlobalSection(ProjectConfigurationPlatforms) = postSolution
		{9F0DDCD7-861C-4691-9F9B-76428B353ECC}.Debug|Any CPU.ActiveCfg = Debug|Any CPU
		{9F0DDCD7-861C-4691-9F9B-76428B353ECC}.Debug|Any CPU.Build.0 = Debug|Any CPU
		{9F0DDCD7-861C-4691-9F9B-76428B353ECC}.Release|Any CPU.ActiveCfg = Release|Any CPU
		{9F0DDCD7-861C-4691-9F9B-76428B353ECC}.Release|Any CPU.Build.0 = Release|Any CPU
		{16C0F569-3259-424C-94AD-9F94117B0C01}.Debug|Any CPU.ActiveCfg = Debug|Any CPU
		{16C0F569-3259-424C-94AD-9F94117B0C01}.Debug|Any CPU.Build.0 = Debug|Any CPU
		{16C0F569-3259-424C-94AD-9F94117B0C01}.Release|Any CPU.ActiveCfg = Release|Any CPU
		{16C0F569-3259-424C-94AD-9F94117B0C01}.Release|Any CPU.Build.0 = Release|Any CPU
	EndGlobalSection
	GlobalSection(SolutionProperties) = preSolution
		HideSolutionNode = FALSE
	EndGlobalSection
	GlobalSection(ExtensibilityGlobals) = postSolution
		SolutionGuid = {BE7F9F68-C79A-4C5F-929A-92CE870D3FAA}
	EndGlobalSection
EndGlobal
