
Microsoft Visual Studio Solution File, Format Version 12.00
# Visual Studio Version 16
VisualStudioVersion = 16.0.30503.244
MinimumVisualStudioVersion = 10.0.40219.1
Project("{9A19103F-16F7-4668-BE54-9A1E7A4F7556}") = "DSAPractice", "DSAPractice\DSAPractice.csproj", "{D7A2F8A0-3B59-4158-BEB0-AEB98D967A99}"
EndProject
Project("{FAE04EC0-301F-11D3-BF4B-00C04F79EFBC}") = "DSAPractice-XUnit", "DSAPractice-XUnit\DSAPractice-XUnit.csproj", "{A5F0AFF7-3E7A-4EE7-884C-58E74206B668}"
EndProject
Global
	GlobalSection(SolutionConfigurationPlatforms) = preSolution
		Debug|Any CPU = Debug|Any CPU
		Release|Any CPU = Release|Any CPU
	EndGlobalSection
	GlobalSection(ProjectConfigurationPlatforms) = postSolution
		{D7A2F8A0-3B59-4158-BEB0-AEB98D967A99}.Debug|Any CPU.ActiveCfg = Debug|Any CPU
		{D7A2F8A0-3B59-4158-BEB0-AEB98D967A99}.Debug|Any CPU.Build.0 = Debug|Any CPU
		{D7A2F8A0-3B59-4158-BEB0-AEB98D967A99}.Release|Any CPU.ActiveCfg = Release|Any CPU
		{D7A2F8A0-3B59-4158-BEB0-AEB98D967A99}.Release|Any CPU.Build.0 = Release|Any CPU
		{A5F0AFF7-3E7A-4EE7-884C-58E74206B668}.Debug|Any CPU.ActiveCfg = Debug|Any CPU
		{A5F0AFF7-3E7A-4EE7-884C-58E74206B668}.Debug|Any CPU.Build.0 = Debug|Any CPU
		{A5F0AFF7-3E7A-4EE7-884C-58E74206B668}.Release|Any CPU.ActiveCfg = Release|Any CPU
		{A5F0AFF7-3E7A-4EE7-884C-58E74206B668}.Release|Any CPU.Build.0 = Release|Any CPU
	EndGlobalSection
	GlobalSection(SolutionProperties) = preSolution
		HideSolutionNode = FALSE
	EndGlobalSection
	GlobalSection(ExtensibilityGlobals) = postSolution
		SolutionGuid = {87F75A81-99C4-4D01-B218-EC63934B366C}
	EndGlobalSection
EndGlobal
